
Microsoft Visual Studio Solution File, Format Version 12.00
Project("{FAE04EC0-301F-11D3-BF4B-00C04F79EFBC}") = "Project", "Project.csproj", "{648D90CA-B155-4F05-B8BF-27AD26F38874}"
EndProject
Global
	GlobalSection(SolutionConfigurationPlatforms) = preSolution
		Debug|Any CPU = Debug|Any CPU
		Release|Any CPU = Release|Any CPU
	EndGlobalSection
	GlobalSection(ProjectConfigurationPlatforms) = postSolution
		{648D90CA-B155-4F05-B8BF-27AD26F38874}.Debug|Any CPU.ActiveCfg = Debug|Any CPU
		{648D90CA-B155-4F05-B8BF-27AD26F38874}.Debug|Any CPU.Build.0 = Debug|Any CPU
		{648D90CA-B155-4F05-B8BF-27AD26F38874}.Release|Any CPU.ActiveCfg = Release|Any CPU
		{648D90CA-B155-4F05-B8BF-27AD26F38874}.Release|Any CPU.Build.0 = Release|Any CPU
	EndGlobalSection
EndGlobal
